
Microsoft Visual Studio Solution File, Format Version 12.00
# Visual Studio Version 16
VisualStudioVersion = 16.0.31112.23
MinimumVisualStudioVersion = 10.0.40219.1
Project("{8BC9CEB8-8B4A-11D0-8D11-00A0C91BC942}") = "Super Mario Bros 3", "Super Mario Bros 3\Super Mario Bros 3.vcxproj", "{60010D4C-74FC-41A9-9569-C176C7A86277}"
EndProject
Global
	GlobalSection(SolutionConfigurationPlatforms) = preSolution
		Debug|x64 = Debug|x64
		Debug|x86 = Debug|x86
		Release|x64 = Release|x64
		Release|x86 = Release|x86
	EndGlobalSection
	GlobalSection(ProjectConfigurationPlatforms) = postSolution
		{60010D4C-74FC-41A9-9569-C176C7A86277}.Debug|x64.ActiveCfg = Debug|x64
		{60010D4C-74FC-41A9-9569-C176C7A86277}.Debug|x64.Build.0 = Debug|x64
		{60010D4C-74FC-41A9-9569-C176C7A86277}.Debug|x86.ActiveCfg = Debug|Win32
		{60010D4C-74FC-41A9-9569-C176C7A86277}.Debug|x86.Build.0 = Debug|Win32
		{60010D4C-74FC-41A9-9569-C176C7A86277}.Release|x64.ActiveCfg = Release|x64
		{60010D4C-74FC-41A9-9569-C176C7A86277}.Release|x64.Build.0 = Release|x64
		{60010D4C-74FC-41A9-9569-C176C7A86277}.Release|x86.ActiveCfg = Release|Win32
		{60010D4C-74FC-41A9-9569-C176C7A86277}.Release|x86.Build.0 = Release|Win32
	EndGlobalSection
	GlobalSection(SolutionProperties) = preSolution
		HideSolutionNode = FALSE
	EndGlobalSection
	GlobalSection(ExtensibilityGlobals) = postSolution
		SolutionGuid = {24CBE1E7-4284-47DE-9D56-CFC35C0C32ED}
	EndGlobalSection
EndGlobal
