<?xml version="1.0" encoding="utf-8"?>
<Project ToolsVersion="4.0" xmlns="http://schemas.microsoft.com/developer/msbuild/2003">
  <ItemGroup>
    <Filter Include="Source Files">
      <UniqueIdentifier>{4FC737F1-C7A5-4376-A066-2A32D752A2FF}</UniqueIdentifier>
      <Extensions>cpp;c;cc;cxx;c++;cppm;ixx;def;odl;idl;hpj;bat;asm;asmx</Extensions>
    </Filter>
    <Filter Include="Resource Files">
      <UniqueIdentifier>{67DA6AB6-F800-4c08-8B7A-83BB121AAD01}</UniqueIdentifier>
      <Extensions>rc;ico;cur;bmp;dlg;rc2;rct;bin;rgs;gif;jpg;jpeg;jpe;resx;tiff;tif;png;wav;mfcribbon-ms</Extensions>
    </Filter>
    <Filter Include="World Objects Resources">
      <UniqueIdentifier>{020a8370-56fe-4893-b25b-cfca1d490b23}</UniqueIdentifier>
    </Filter>
    <Filter Include="Source Headers Files">
      <UniqueIdentifier>{93995380-89BD-4b04-88EB-625FBE52EBFB}</UniqueIdentifier>
      <Extensions>h;hh;hpp;hxx;h++;hm;inl;inc;ipp;xsd</Extensions>
    </Filter>
    <Filter Include="World Objects Headers Files">
      <UniqueIdentifier>{24e8fb02-ef7f-4f25-ab59-e109d6354b48}</UniqueIdentifier>
    </Filter>
    <Filter Include="World Objects Headers Files\Mobs headers Files">
      <UniqueIdentifier>{1a0d7879-83e3-480d-b388-334d6db2b271}</UniqueIdentifier>
    </Filter>
    <Filter Include="World Objects Resources\Mobs Resources">
      <UniqueIdentifier>{bdf90fc3-45ff-4ff1-be4a-64cb6f98f37f}</UniqueIdentifier>
    </Filter>
    <Filter Include="World Objects Resources\PowerUps">
      <UniqueIdentifier>{0cced1dc-1f01-4d41-84f5-2c93da2cdf3f}</UniqueIdentifier>
    </Filter>
    <Filter Include="World Objects Headers Files\PowerUps Headers">
      <UniqueIdentifier>{e902fd74-5024-4cba-8cee-a5d4b4cb6dee}</UniqueIdentifier>
    </Filter>
    <Filter Include="Resource header">
      <UniqueIdentifier>{30441fb6-fe14-43d9-ab57-35e82529b960}</UniqueIdentifier>
    </Filter>
    <Filter Include="World Objects Headers Files\Secret MileStones Headers">
      <UniqueIdentifier>{ff862e2f-94a4-49a3-aec1-c5a6874a35a4}</UniqueIdentifier>
    </Filter>
    <Filter Include="World Objects Resources\Secret Milestones">
      <UniqueIdentifier>{e0bf66be-59fb-4826-8669-c74d487176d7}</UniqueIdentifier>
    </Filter>
  </ItemGroup>
  <ItemGroup>
    <ClCompile Include="Cgame.cpp">
      <Filter>Source Files</Filter>
    </ClCompile>
    <ClCompile Include="KeyEventHandler.cpp">
      <Filter>Resource Files</Filter>
    </ClCompile>
    <ClCompile Include="Utils.cpp">
      <Filter>Resource Files</Filter>
    </ClCompile>
    <ClCompile Include="Sprite.cpp">
      <Filter>Resource Files</Filter>
    </ClCompile>
    <ClCompile Include="Texture.cpp">
      <Filter>Resource Files</Filter>
    </ClCompile>
    <ClCompile Include="Animation.cpp">
      <Filter>Resource Files</Filter>
    </ClCompile>
    <ClCompile Include="Mario.cpp">
      <Filter>Source Files</Filter>
    </ClCompile>
    <ClCompile Include="Source.cpp">
      <Filter>Source Files</Filter>
    </ClCompile>
    <ClCompile Include="Scene.cpp">
      <Filter>Resource Files</Filter>
    </ClCompile>
    <ClCompile Include="PlayScene.cpp">
      <Filter>Source Files</Filter>
    </ClCompile>
    <ClCompile Include="QuestionMarkBrick.cpp">
      <Filter>World Objects Resources</Filter>
    </ClCompile>
    <ClCompile Include="CollidableObstacle.cpp">
      <Filter>World Objects Resources</Filter>
    </ClCompile>
    <ClCompile Include="DecorativeObject.cpp">
      <Filter>World Objects Resources</Filter>
    </ClCompile>
    <ClCompile Include="CGameObject.cpp">
      <Filter>World Objects Resources</Filter>
    </ClCompile>
    <ClCompile Include="Goomba.cpp">
      <Filter>World Objects Resources\Mobs Resources</Filter>
    </ClCompile>
    <ClCompile Include="BreakableBrick.cpp">
      <Filter>World Objects Resources</Filter>
    </ClCompile>
    <ClCompile Include="GrowMushroom.cpp">
      <Filter>World Objects Resources\PowerUps</Filter>
    </ClCompile>
    <ClCompile Include="BonusCoin.cpp">
      <Filter>World Objects Resources\PowerUps</Filter>
    </ClCompile>
    <ClCompile Include="VenusFireTrap.cpp">
      <Filter>World Objects Resources\Mobs Resources</Filter>
    </ClCompile>
    <ClCompile Include="Fireball.cpp">
      <Filter>World Objects Resources\Mobs Resources</Filter>
    </ClCompile>
    <ClCompile Include="RacoonLeaf.cpp">
      <Filter>World Objects Resources\PowerUps</Filter>
    </ClCompile>
    <ClCompile Include="Turtle.cpp">
      <Filter>World Objects Resources\Mobs Resources</Filter>
    </ClCompile>
    <ClCompile Include="QuadTree.cpp">
      <Filter>Source Files</Filter>
    </ClCompile>
    <ClCompile Include="PMilestone.cpp">
      <Filter>World Objects Resources\Secret Milestones</Filter>
    </ClCompile>
    <ClCompile Include="ConsumableCoin.cpp">
      <Filter>World Objects Resources\PowerUps</Filter>
    </ClCompile>
    <ClCompile Include="PowerUp.cpp">
      <Filter>World Objects Resources\PowerUps</Filter>
    </ClCompile>
  </ItemGroup>
  <ItemGroup>
    <ClInclude Include="Cgame.h">
      <Filter>Source Headers Files</Filter>
    </ClInclude>
    <ClInclude Include="Mario.h">
      <Filter>Source Headers Files</Filter>
    </ClInclude>
    <ClInclude Include="PlayScene.h">
      <Filter>Source Headers Files</Filter>
    </ClInclude>
    <ClInclude Include="CGameObject.h">
      <Filter>World Objects Headers Files</Filter>
    </ClInclude>
    <ClInclude Include="DecorativeObject.h">
      <Filter>World Objects Headers Files</Filter>
    </ClInclude>
    <ClInclude Include="CollidableObstacle.h">
      <Filter>World Objects Headers Files</Filter>
    </ClInclude>
    <ClInclude Include="QuestionMarkBrick.h">
      <Filter>World Objects Headers Files</Filter>
    </ClInclude>
    <ClInclude Include="Goomba.h">
      <Filter>World Objects Headers Files\Mobs headers Files</Filter>
    </ClInclude>
    <ClInclude Include="BreakableBrick.h">
      <Filter>World Objects Headers Files</Filter>
    </ClInclude>
    <ClInclude Include="GrowMushroom.h">
      <Filter>World Objects Headers Files\PowerUps Headers</Filter>
    </ClInclude>
    <ClInclude Include="BonusCoin.h">
      <Filter>World Objects Headers Files\PowerUps Headers</Filter>
    </ClInclude>
    <ClInclude Include="VenusFireTrap.h">
      <Filter>World Objects Headers Files\Mobs headers Files</Filter>
    </ClInclude>
    <ClInclude Include="Fireball.h">
      <Filter>World Objects Headers Files\Mobs headers Files</Filter>
    </ClInclude>
    <ClInclude Include="RacoonLeaf.h">
      <Filter>World Objects Headers Files\PowerUps Headers</Filter>
    </ClInclude>
    <ClInclude Include="Turtle.h">
      <Filter>World Objects Headers Files\Mobs headers Files</Filter>
    </ClInclude>
    <ClInclude Include="QuadTree.h">
      <Filter>Source Headers Files</Filter>
    </ClInclude>
    <ClInclude Include="Animation.h">
      <Filter>Resource header</Filter>
    </ClInclude>
    <ClInclude Include="Scene.h">
      <Filter>Resource header</Filter>
    </ClInclude>
    <ClInclude Include="Sprite.h">
      <Filter>Resource header</Filter>
    </ClInclude>
    <ClInclude Include="Texture.h">
      <Filter>Resource header</Filter>
    </ClInclude>
    <ClInclude Include="Utils.h">
      <Filter>Resource header</Filter>
    </ClInclude>
    <ClInclude Include="KeyEventHandler.h">
      <Filter>Resource header</Filter>
    </ClInclude>
    <ClInclude Include="PMilestone.h">
      <Filter>World Objects Headers Files\Secret MileStones Headers</Filter>
    </ClInclude>
    <ClInclude Include="ConsumableCoin.h">
      <Filter>World Objects Headers Files\PowerUps Headers</Filter>
    </ClInclude>
    <ClInclude Include="PowerUp.h">
      <Filter>World Objects Headers Files\PowerUps Headers</Filter>
    </ClInclude>
  </ItemGroup>
</Project>